
Microsoft Visual Studio Solution File, Format Version 12.00
# Visual Studio Version 17
VisualStudioVersion = 17.3.32929.385
MinimumVisualStudioVersion = 10.0.40219.1
Project("{FAE04EC0-301F-11D3-BF4B-00C04F79EFBC}") = "CodeCloude", "CodeCloude.csproj", "{2ECD7800-3F45-430E-A134-CA26077C11F3}"
EndProject
Project("{9A19103F-16F7-4668-BE54-9A1E7A4F7556}") = "EmailServices", "..\EmailServices\EmailServices.csproj", "{59FFD742-2C22-4CE1-B531-EB3F0D494458}"
EndProject
Global
	GlobalSection(SolutionConfigurationPlatforms) = preSolution
		Debug|Any CPU = Debug|Any CPU
		Release|Any CPU = Release|Any CPU
	EndGlobalSection
	GlobalSection(ProjectConfigurationPlatforms) = postSolution
		{2ECD7800-3F45-430E-A134-CA26077C11F3}.Debug|Any CPU.ActiveCfg = Debug|Any CPU
		{2ECD7800-3F45-430E-A134-CA26077C11F3}.Debug|Any CPU.Build.0 = Debug|Any CPU
		{2ECD7800-3F45-430E-A134-CA26077C11F3}.Release|Any CPU.ActiveCfg = Release|Any CPU
		{2ECD7800-3F45-430E-A134-CA26077C11F3}.Release|Any CPU.Build.0 = Release|Any CPU
		{59FFD742-2C22-4CE1-B531-EB3F0D494458}.Debug|Any CPU.ActiveCfg = Debug|Any CPU
		{59FFD742-2C22-4CE1-B531-EB3F0D494458}.Debug|Any CPU.Build.0 = Debug|Any CPU
		{59FFD742-2C22-4CE1-B531-EB3F0D494458}.Release|Any CPU.ActiveCfg = Release|Any CPU
		{59FFD742-2C22-4CE1-B531-EB3F0D494458}.Release|Any CPU.Build.0 = Release|Any CPU
	EndGlobalSection
	GlobalSection(SolutionProperties) = preSolution
		HideSolutionNode = FALSE
	EndGlobalSection
	GlobalSection(ExtensibilityGlobals) = postSolution
		SolutionGuid = {4A881D5F-547B-47BE-86F3-C8F073859EAA}
	EndGlobalSection
EndGlobal
